
Microsoft Visual Studio Solution File, Format Version 12.00
# Visual Studio Version 16
VisualStudioVersion = 16.0.31624.102
MinimumVisualStudioVersion = 10.0.40219.1
Project("{FAE04EC0-301F-11D3-BF4B-00C04F79EFBC}") = "Vehicles.Common", "Vehicles.Common\Vehicles.Common.csproj", "{F006A1A9-37A7-4996-86E4-C18DEE45FC68}"
EndProject
Project("{FAE04EC0-301F-11D3-BF4B-00C04F79EFBC}") = "Vehicles.API", "Vehicles.API\Vehicles.API.csproj", "{FC923F2C-328F-4C3E-87D6-32AEE1912DD0}"
EndProject
Global
	GlobalSection(SolutionConfigurationPlatforms) = preSolution
		Debug|Any CPU = Debug|Any CPU
		Release|Any CPU = Release|Any CPU
	EndGlobalSection
	GlobalSection(ProjectConfigurationPlatforms) = postSolution
		{F006A1A9-37A7-4996-86E4-C18DEE45FC68}.Debug|Any CPU.ActiveCfg = Debug|Any CPU
		{F006A1A9-37A7-4996-86E4-C18DEE45FC68}.Debug|Any CPU.Build.0 = Debug|Any CPU
		{F006A1A9-37A7-4996-86E4-C18DEE45FC68}.Release|Any CPU.ActiveCfg = Release|Any CPU
		{F006A1A9-37A7-4996-86E4-C18DEE45FC68}.Release|Any CPU.Build.0 = Release|Any CPU
		{FC923F2C-328F-4C3E-87D6-32AEE1912DD0}.Debug|Any CPU.ActiveCfg = Debug|Any CPU
		{FC923F2C-328F-4C3E-87D6-32AEE1912DD0}.Debug|Any CPU.Build.0 = Debug|Any CPU
		{FC923F2C-328F-4C3E-87D6-32AEE1912DD0}.Release|Any CPU.ActiveCfg = Release|Any CPU
		{FC923F2C-328F-4C3E-87D6-32AEE1912DD0}.Release|Any CPU.Build.0 = Release|Any CPU
	EndGlobalSection
	GlobalSection(SolutionProperties) = preSolution
		HideSolutionNode = FALSE
	EndGlobalSection
	GlobalSection(ExtensibilityGlobals) = postSolution
		SolutionGuid = {07895373-22BB-428B-94D3-35D98BC8B532}
	EndGlobalSection
EndGlobal
